{
  "name": "concordia",
  "version": "1.0.0",
  "lockfileVersion": 1,
  "requires": true,
  "dependencies": {
    "@developerdragon/dragoncordapi": {
      "version": "1.0.11",
      "resolved": "http://localhost:4873/@developerdragon%2fdragoncordapi/-/dragoncordapi-1.0.11.tgz",
      "integrity": "sha512-t8rvQAI9Bcccp5xHYNPIZ7BaoBP3Ljiruyaw/IgeYiiLL3KQ/+necb99nrXVt77P4JHIHRk+JQdwq8/VeeZiCw=="
    },
    "@types/node": {
      "version": "14.14.28",
      "resolved": "http://localhost:4873/@types%2fnode/-/node-14.14.28.tgz",
      "integrity": "sha512-lg55ArB+ZiHHbBBttLpzD07akz0QPrZgUODNakeC09i62dnrywr9mFErHuaPlB6I7z+sEbK+IYmplahvplCj2g=="
    },
    "@types/ws": {
      "version": "7.4.0",
      "resolved": "https://registry.npmjs.org/@types/ws/-/ws-7.4.0.tgz",
      "integrity": "sha512-Y29uQ3Uy+58bZrFLhX36hcI3Np37nqWE7ky5tjiDoy1GDZnIwVxS0CgF+s+1bXMzjKBFy+fqaRfb708iNzdinw==",
      "requires": {
        "@types/node": "*"
      }
    },
    "ws": {
      "version": "7.4.3",
      "resolved": "https://registry.npmjs.org/ws/-/ws-7.4.3.tgz",
      "integrity": "sha512-hr6vCR76GsossIRsr8OLR9acVVm1jyfEWvhbNjtgPOrfvAlKzvyeg/P6r8RuDjRyrcQoPQT7K0DGEPc7Ae6jzA=="
    }
  }
}
